
Microsoft Visual Studio Solution File, Format Version 12.00
# Visual Studio Version 17
VisualStudioVersion = 17.10.35013.160
MinimumVisualStudioVersion = 10.0.40219.1
Project("{FAE04EC0-301F-11D3-BF4B-00C04F79EFBC}") = "task_2", "task_2.csproj", "{B79B894B-105B-4E06-A69C-78F26E829234}"
EndProject
Global
	GlobalSection(SolutionConfigurationPlatforms) = preSolution
		Debug|Any CPU = Debug|Any CPU
		Release|Any CPU = Release|Any CPU
	EndGlobalSection
	GlobalSection(ProjectConfigurationPlatforms) = postSolution
		{B79B894B-105B-4E06-A69C-78F26E829234}.Debug|Any CPU.ActiveCfg = Debug|Any CPU
		{B79B894B-105B-4E06-A69C-78F26E829234}.Debug|Any CPU.Build.0 = Debug|Any CPU
		{B79B894B-105B-4E06-A69C-78F26E829234}.Release|Any CPU.ActiveCfg = Release|Any CPU
		{B79B894B-105B-4E06-A69C-78F26E829234}.Release|Any CPU.Build.0 = Release|Any CPU
	EndGlobalSection
	GlobalSection(SolutionProperties) = preSolution
		HideSolutionNode = FALSE
	EndGlobalSection
	GlobalSection(ExtensibilityGlobals) = postSolution
		SolutionGuid = {F59F6051-20EF-493E-8203-391213A00415}
	EndGlobalSection
EndGlobal
