
Microsoft Visual Studio Solution File, Format Version 12.00
# Visual Studio Version 17
VisualStudioVersion = 17.10.35013.160
MinimumVisualStudioVersion = 10.0.40219.1
Project("{FAE04EC0-301F-11D3-BF4B-00C04F79EFBC}") = "task_2", "task_2.csproj", "{01C1E305-746B-463C-B806-A4CD99CEA54B}"
EndProject
Global
	GlobalSection(SolutionConfigurationPlatforms) = preSolution
		Debug|Any CPU = Debug|Any CPU
		Release|Any CPU = Release|Any CPU
	EndGlobalSection
	GlobalSection(ProjectConfigurationPlatforms) = postSolution
		{01C1E305-746B-463C-B806-A4CD99CEA54B}.Debug|Any CPU.ActiveCfg = Debug|Any CPU
		{01C1E305-746B-463C-B806-A4CD99CEA54B}.Debug|Any CPU.Build.0 = Debug|Any CPU
		{01C1E305-746B-463C-B806-A4CD99CEA54B}.Release|Any CPU.ActiveCfg = Release|Any CPU
		{01C1E305-746B-463C-B806-A4CD99CEA54B}.Release|Any CPU.Build.0 = Release|Any CPU
	EndGlobalSection
	GlobalSection(SolutionProperties) = preSolution
		HideSolutionNode = FALSE
	EndGlobalSection
	GlobalSection(ExtensibilityGlobals) = postSolution
		SolutionGuid = {8EAD70DB-6F46-42B5-A153-F3FD1A988E68}
	EndGlobalSection
EndGlobal
