
Microsoft Visual Studio Solution File, Format Version 12.00
# Visual Studio Version 17
VisualStudioVersion = 17.10.35013.160
MinimumVisualStudioVersion = 10.0.40219.1
Project("{FAE04EC0-301F-11D3-BF4B-00C04F79EFBC}") = "task_3", "task_3.csproj", "{E7170100-8F0D-4C40-B069-105E9F9160FD}"
EndProject
Global
	GlobalSection(SolutionConfigurationPlatforms) = preSolution
		Debug|Any CPU = Debug|Any CPU
		Release|Any CPU = Release|Any CPU
	EndGlobalSection
	GlobalSection(ProjectConfigurationPlatforms) = postSolution
		{E7170100-8F0D-4C40-B069-105E9F9160FD}.Debug|Any CPU.ActiveCfg = Debug|Any CPU
		{E7170100-8F0D-4C40-B069-105E9F9160FD}.Debug|Any CPU.Build.0 = Debug|Any CPU
		{E7170100-8F0D-4C40-B069-105E9F9160FD}.Release|Any CPU.ActiveCfg = Release|Any CPU
		{E7170100-8F0D-4C40-B069-105E9F9160FD}.Release|Any CPU.Build.0 = Release|Any CPU
	EndGlobalSection
	GlobalSection(SolutionProperties) = preSolution
		HideSolutionNode = FALSE
	EndGlobalSection
	GlobalSection(ExtensibilityGlobals) = postSolution
		SolutionGuid = {6F0707D9-DF86-436D-8B84-0CD22A81729E}
	EndGlobalSection
EndGlobal
