
Microsoft Visual Studio Solution File, Format Version 12.00
# Visual Studio Version 17
VisualStudioVersion = 17.10.35013.160
MinimumVisualStudioVersion = 10.0.40219.1
Project("{FAE04EC0-301F-11D3-BF4B-00C04F79EFBC}") = "lab_3__var_1", "lab_3__var_1.csproj", "{809C6934-D3FB-4D65-8585-DA3102713966}"
EndProject
Global
	GlobalSection(SolutionConfigurationPlatforms) = preSolution
		Debug|Any CPU = Debug|Any CPU
		Release|Any CPU = Release|Any CPU
	EndGlobalSection
	GlobalSection(ProjectConfigurationPlatforms) = postSolution
		{809C6934-D3FB-4D65-8585-DA3102713966}.Debug|Any CPU.ActiveCfg = Debug|Any CPU
		{809C6934-D3FB-4D65-8585-DA3102713966}.Debug|Any CPU.Build.0 = Debug|Any CPU
		{809C6934-D3FB-4D65-8585-DA3102713966}.Release|Any CPU.ActiveCfg = Release|Any CPU
		{809C6934-D3FB-4D65-8585-DA3102713966}.Release|Any CPU.Build.0 = Release|Any CPU
	EndGlobalSection
	GlobalSection(SolutionProperties) = preSolution
		HideSolutionNode = FALSE
	EndGlobalSection
	GlobalSection(ExtensibilityGlobals) = postSolution
		SolutionGuid = {0CCAE2F7-FDB9-4136-BD24-950D316D3800}
	EndGlobalSection
EndGlobal
